
Microsoft Visual Studio Solution File, Format Version 12.00
# Visual Studio Version 16
VisualStudioVersion = 16.0.30804.86
MinimumVisualStudioVersion = 10.0.40219.1
Project("{FAE04EC0-301F-11D3-BF4B-00C04F79EFBC}") = "PSWDGenerator", "PSWDGenerator.csproj", "{53AFB576-8240-4B9B-8554-C11D113E6D69}"
EndProject
Global
	GlobalSection(SolutionConfigurationPlatforms) = preSolution
		Debug|Any CPU = Debug|Any CPU
		Release|Any CPU = Release|Any CPU
	EndGlobalSection
	GlobalSection(ProjectConfigurationPlatforms) = postSolution
		{53AFB576-8240-4B9B-8554-C11D113E6D69}.Debug|Any CPU.ActiveCfg = Debug|Any CPU
		{53AFB576-8240-4B9B-8554-C11D113E6D69}.Debug|Any CPU.Build.0 = Debug|Any CPU
		{53AFB576-8240-4B9B-8554-C11D113E6D69}.Release|Any CPU.ActiveCfg = Release|Any CPU
		{53AFB576-8240-4B9B-8554-C11D113E6D69}.Release|Any CPU.Build.0 = Release|Any CPU
	EndGlobalSection
	GlobalSection(SolutionProperties) = preSolution
		HideSolutionNode = FALSE
	EndGlobalSection
	GlobalSection(ExtensibilityGlobals) = postSolution
		SolutionGuid = {38DB9155-0C86-41F5-A98E-E44B3DD5138B}
	EndGlobalSection
EndGlobal
